// !$*UTF8*$!
{
	archiveVersion = 1;
	classes = {
	};
	objectVersion = 46;
	objects = {

/* Begin PBXBuildFile section */
		18FAC16C1C1F031D0008AAAB /* main.m in Sources */ = {isa = PBXBuildFile; fileRef = 18FAC16B1C1F031D0008AAAB /* main.m */; };
		18FAC16F1C1F031D0008AAAB /* AppDelegate.m in Sources */ = {isa = PBXBuildFile; fileRef = 18FAC16E1C1F031D0008AAAB /* AppDelegate.m */; };
		18FAC1721C1F031D0008AAAB /* ViewController.m in Sources */ = {isa = PBXBuildFile; fileRef = 18FAC1711C1F031D0008AAAB /* ViewController.m */; };
		18FAC1751C1F031D0008AAAB /* Main.storyboard in Resources */ = {isa = PBXBuildFile; fileRef = 18FAC1731C1F031D0008AAAB /* Main.storyboard */; };
		18FAC1771C1F031D0008AAAB /* Images.xcassets in Resources */ = {isa = PBXBuildFile; fileRef = 18FAC1761C1F031D0008AAAB /* Images.xcassets */; };
		18FAC17A1C1F031D0008AAAB /* LaunchScreen.xib in Resources */ = {isa = PBXBuildFile; fileRef = 18FAC1781C1F031D0008AAAB /* LaunchScreen.xib */; };
		18FAC1861C1F031D0008AAAB /* NavigationDemoTests.m in Sources */ = {isa = PBXBuildFile; fileRef = 18FAC1851C1F031D0008AAAB /* NavigationDemoTests.m */; };
		18FAC1921C1F05540008AAAB /* RegistrationViewController.m in Sources */ = {isa = PBXBuildFile; fileRef = 18FAC1901C1F05540008AAAB /* RegistrationViewController.m */; };
		18FAC1931C1F05540008AAAB /* RegistrationViewController.xib in Resources */ = {isa = PBXBuildFile; fileRef = 18FAC1911C1F05540008AAAB /* RegistrationViewController.xib */; };
		18FAC1971C1F0B6E0008AAAB /* HomeViewController.m in Sources */ = {isa = PBXBuildFile; fileRef = 18FAC1951C1F0B6E0008AAAB /* HomeViewController.m */; };
		18FAC1981C1F0B6E0008AAAB /* HomeViewController.xib in Resources */ = {isa = PBXBuildFile; fileRef = 18FAC1961C1F0B6E0008AAAB /* HomeViewController.xib */; };
		18FAC19C1C1F12C30008AAAB /* EmpListControllerTableViewController.m in Sources */ = {isa = PBXBuildFile; fileRef = 18FAC19A1C1F12C30008AAAB /* EmpListControllerTableViewController.m */; };
		18FAC19D1C1F12C30008AAAB /* EmpListControllerTableViewController.xib in Resources */ = {isa = PBXBuildFile; fileRef = 18FAC19B1C1F12C30008AAAB /* EmpListControllerTableViewController.xib */; };
/* End PBXBuildFile section */

/* Begin PBXContainerItemProxy section */
		18FAC1801C1F031D0008AAAB /* PBXContainerItemProxy */ = {
			isa = PBXContainerItemProxy;
			containerPortal = 18FAC15E1C1F031D0008AAAB /* Project object */;
			proxyType = 1;
			remoteGlobalIDString = 18FAC1651C1F031D0008AAAB;
			remoteInfo = NavigationDemo;
		};
/* End PBXContainerItemProxy section */

/* Begin PBXFileReference section */
		18FAC1661C1F031D0008AAAB /* NavigationDemo.app */ = {isa = PBXFileReference; explicitFileType = wrapper.application; includeInIndex = 0; path = NavigationDemo.app; sourceTree = BUILT_PRODUCTS_DIR; };
		18FAC16A1C1F031D0008AAAB /* Info.plist */ = {isa = PBXFileReference; lastKnownFileType = text.plist.xml; path = Info.plist; sourceTree = "<group>"; };
		18FAC16B1C1F031D0008AAAB /* main.m */ = {isa = PBXFileReference; lastKnownFileType = sourcecode.c.objc; path = main.m; sourceTree = "<group>"; };
		18FAC16D1C1F031D0008AAAB /* AppDelegate.h */ = {isa = PBXFileReference; lastKnownFileType = sourcecode.c.h; path = AppDelegate.h; sourceTree = "<group>"; };
		18FAC16E1C1F031D0008AAAB /* AppDelegate.m */ = {isa = PBXFileReference; lastKnownFileType = sourcecode.c.objc; path = AppDelegate.m; sourceTree = "<group>"; };
		18FAC1701C1F031D0008AAAB /* ViewController.h */ = {isa = PBXFileReference; lastKnownFileType = sourcecode.c.h; path = ViewController.h; sourceTree = "<group>"; };
		18FAC1711C1F031D0008AAAB /* ViewController.m */ = {isa = PBXFileReference; lastKnownFileType = sourcecode.c.objc; path = ViewController.m; sourceTree = "<group>"; };
		18FAC1741C1F031D0008AAAB /* Base */ = {isa = PBXFileReference; lastKnownFileType = file.storyboard; name = Base; path = Base.lproj/Main.storyboard; sourceTree = "<group>"; };
		18FAC1761C1F031D0008AAAB /* Images.xcassets */ = {isa = PBXFileReference; lastKnownFileType = folder.assetcatalog; path = Images.xcassets; sourceTree = "<group>"; };
		18FAC1791C1F031D0008AAAB /* Base */ = {isa = PBXFileReference; lastKnownFileType = file.xib; name = Base; path = Base.lproj/LaunchScreen.xib; sourceTree = "<group>"; };
		18FAC17F1C1F031D0008AAAB /* NavigationDemoTests.xctest */ = {isa = PBXFileReference; explicitFileType = wrapper.cfbundle; includeInIndex = 0; path = NavigationDemoTests.xctest; sourceTree = BUILT_PRODUCTS_DIR; };
		18FAC1841C1F031D0008AAAB /* Info.plist */ = {isa = PBXFileReference; lastKnownFileType = text.plist.xml; path = Info.plist; sourceTree = "<group>"; };
		18FAC1851C1F031D0008AAAB /* NavigationDemoTests.m */ = {isa = PBXFileReference; lastKnownFileType = sourcecode.c.objc; path = NavigationDemoTests.m; sourceTree = "<group>"; };
		18FAC18F1C1F05540008AAAB /* RegistrationViewController.h */ = {isa = PBXFileReference; fileEncoding = 4; lastKnownFileType = sourcecode.c.h; path = RegistrationViewController.h; sourceTree = "<group>"; };
		18FAC1901C1F05540008AAAB /* RegistrationViewController.m */ = {isa = PBXFileReference; fileEncoding = 4; lastKnownFileType = sourcecode.c.objc; path = RegistrationViewController.m; sourceTree = "<group>"; };
		18FAC1911C1F05540008AAAB /* RegistrationViewController.xib */ = {isa = PBXFileReference; fileEncoding = 4; lastKnownFileType = file.xib; path = RegistrationViewController.xib; sourceTree = "<group>"; };
		18FAC1941C1F0B6E0008AAAB /* HomeViewController.h */ = {isa = PBXFileReference; fileEncoding = 4; lastKnownFileType = sourcecode.c.h; path = HomeViewController.h; sourceTree = "<group>"; };
		18FAC1951C1F0B6E0008AAAB /* HomeViewController.m */ = {isa = PBXFileReference; fileEncoding = 4; lastKnownFileType = sourcecode.c.objc; path = HomeViewController.m; sourceTree = "<group>"; };
		18FAC1961C1F0B6E0008AAAB /* HomeViewController.xib */ = {isa = PBXFileReference; fileEncoding = 4; lastKnownFileType = file.xib; path = HomeViewController.xib; sourceTree = "<group>"; };
		18FAC1991C1F12C30008AAAB /* EmpListControllerTableViewController.h */ = {isa = PBXFileReference; fileEncoding = 4; lastKnownFileType = sourcecode.c.h; path = EmpListControllerTableViewController.h; sourceTree = "<group>"; };
		18FAC19A1C1F12C30008AAAB /* EmpListControllerTableViewController.m */ = {isa = PBXFileReference; fileEncoding = 4; lastKnownFileType = sourcecode.c.objc; path = EmpListControllerTableViewController.m; sourceTree = "<group>"; };
		18FAC19B1C1F12C30008AAAB /* EmpListControllerTableViewController.xib */ = {isa = PBXFileReference; fileEncoding = 4; lastKnownFileType = file.xib; path = EmpListControllerTableViewController.xib; sourceTree = "<group>"; };
/* End PBXFileReference section */

/* Begin PBXFrameworksBuildPhase section */
		18FAC1631C1F031D0008AAAB /* Frameworks */ = {
			isa = PBXFrameworksBuildPhase;
			buildActionMask = 2147483647;
			files = (
			);
			runOnlyForDeploymentPostprocessing = 0;
		};
		18FAC17C1C1F031D0008AAAB /* Frameworks */ = {
			isa = PBXFrameworksBuildPhase;
			buildActionMask = 2147483647;
			files = (
			);
			runOnlyForDeploymentPostprocessing = 0;
		};
/* End PBXFrameworksBuildPhase section */

/* Begin PBXGroup section */
		18FAC15D1C1F031D0008AAAB = {
			isa = PBXGroup;
			children = (
				18FAC1681C1F031D0008AAAB /* NavigationDemo */,
				18FAC1821C1F031D0008AAAB /* NavigationDemoTests */,
				18FAC1671C1F031D0008AAAB /* Products */,
			);
			sourceTree = "<group>";
		};
		18FAC1671C1F031D0008AAAB /* Products */ = {
			isa = PBXGroup;
			children = (
				18FAC1661C1F031D0008AAAB /* NavigationDemo.app */,
				18FAC17F1C1F031D0008AAAB /* NavigationDemoTests.xctest */,
			);
			name = Products;
			sourceTree = "<group>";
		};
		18FAC1681C1F031D0008AAAB /* NavigationDemo */ = {
			isa = PBXGroup;
			children = (
				18FAC16D1C1F031D0008AAAB /* AppDelegate.h */,
				18FAC16E1C1F031D0008AAAB /* AppDelegate.m */,
				18FAC1701C1F031D0008AAAB /* ViewController.h */,
				18FAC1711C1F031D0008AAAB /* ViewController.m */,
				18FAC1731C1F031D0008AAAB /* Main.storyboard */,
				18FAC1761C1F031D0008AAAB /* Images.xcassets */,
				18FAC1781C1F031D0008AAAB /* LaunchScreen.xib */,
				18FAC1691C1F031D0008AAAB /* Supporting Files */,
				18FAC18F1C1F05540008AAAB /* RegistrationViewController.h */,
				18FAC1901C1F05540008AAAB /* RegistrationViewController.m */,
				18FAC1911C1F05540008AAAB /* RegistrationViewController.xib */,
				18FAC1941C1F0B6E0008AAAB /* HomeViewController.h */,
				18FAC1951C1F0B6E0008AAAB /* HomeViewController.m */,
				18FAC1961C1F0B6E0008AAAB /* HomeViewController.xib */,
				18FAC1991C1F12C30008AAAB /* EmpListControllerTableViewController.h */,
				18FAC19A1C1F12C30008AAAB /* EmpListControllerTableViewController.m */,
				18FAC19B1C1F12C30008AAAB /* EmpListControllerTableViewController.xib */,
			);
			path = NavigationDemo;
			sourceTree = "<group>";
		};
		18FAC1691C1F031D0008AAAB /* Supporting Files */ = {
			isa = PBXGroup;
			children = (
				18FAC16A1C1F031D0008AAAB /* Info.plist */,
				18FAC16B1C1F031D0008AAAB /* main.m */,
			);
			name = "Supporting Files";
			sourceTree = "<group>";
		};
		18FAC1821C1F031D0008AAAB /* NavigationDemoTests */ = {
			isa = PBXGroup;
			children = (
				18FAC1851C1F031D0008AAAB /* NavigationDemoTests.m */,
				18FAC1831C1F031D0008AAAB /* Supporting Files */,
			);
			path = NavigationDemoTests;
			sourceTree = "<group>";
		};
		18FAC1831C1F031D0008AAAB /* Supporting Files */ = {
			isa = PBXGroup;
			children = (
				18FAC1841C1F031D0008AAAB /* Info.plist */,
			);
			name = "Supporting Files";
			sourceTree = "<group>";
		};
/* End PBXGroup section */

/* Begin PBXNativeTarget section */
		18FAC1651C1F031D0008AAAB /* NavigationDemo */ = {
			isa = PBXNativeTarget;
			buildConfigurationList = 18FAC1891C1F031D0008AAAB /* Build configuration list for PBXNativeTarget "NavigationDemo" */;
			buildPhases = (
				18FAC1621C1F031D0008AAAB /* Sources */,
				18FAC1631C1F031D0008AAAB /* Frameworks */,
				18FAC1641C1F031D0008AAAB /* Resources */,
			);
			buildRules = (
			);
			dependencies = (
			);
			name = NavigationDemo;
			productName = NavigationDemo;
			productReference = 18FAC1661C1F031D0008AAAB /* NavigationDemo.app */;
			productType = "com.apple.product-type.application";
		};
		18FAC17E1C1F031D0008AAAB /* NavigationDemoTests */ = {
			isa = PBXNativeTarget;
			buildConfigurationList = 18FAC18C1C1F031D0008AAAB /* Build configuration list for PBXNativeTarget "NavigationDemoTests" */;
			buildPhases = (
				18FAC17B1C1F031D0008AAAB /* Sources */,
				18FAC17C1C1F031D0008AAAB /* Frameworks */,
				18FAC17D1C1F031D0008AAAB /* Resources */,
			);
			buildRules = (
			);
			dependencies = (
				18FAC1811C1F031D0008AAAB /* PBXTargetDependency */,
			);
			name = NavigationDemoTests;
			productName = NavigationDemoTests;
			productReference = 18FAC17F1C1F031D0008AAAB /* NavigationDemoTests.xctest */;
			productType = "com.apple.product-type.bundle.unit-test";
		};
/* End PBXNativeTarget section */

/* Begin PBXProject section */
		18FAC15E1C1F031D0008AAAB /* Project object */ = {
			isa = PBXProject;
			attributes = {
				LastUpgradeCheck = 0600;
				ORGANIZATIONNAME = CDAC;
				TargetAttributes = {
					18FAC1651C1F031D0008AAAB = {
						CreatedOnToolsVersion = 6.0;
					};
					18FAC17E1C1F031D0008AAAB = {
						CreatedOnToolsVersion = 6.0;
						TestTargetID = 18FAC1651C1F031D0008AAAB;
					};
				};
			};
			buildConfigurationList = 18FAC1611C1F031D0008AAAB /* Build configuration list for PBXProject "NavigationDemo" */;
			compatibilityVersion = "Xcode 3.2";
			developmentRegion = English;
			hasScannedForEncodings = 0;
			knownRegions = (
				en,
				Base,
			);
			mainGroup = 18FAC15D1C1F031D0008AAAB;
			productRefGroup = 18FAC1671C1F031D0008AAAB /* Products */;
			projectDirPath = "";
			projectRoot = "";
			targets = (
				18FAC1651C1F031D0008AAAB /* NavigationDemo */,
				18FAC17E1C1F031D0008AAAB /* NavigationDemoTests */,
			);
		};
/* End PBXProject section */

/* Begin PBXResourcesBuildPhase section */
		18FAC1641C1F031D0008AAAB /* Resources */ = {
			isa = PBXResourcesBuildPhase;
			buildActionMask = 2147483647;
			files = (
				18FAC1751C1F031D0008AAAB /* Main.storyboard in Resources */,
				18FAC1931C1F05540008AAAB /* RegistrationViewController.xib in Resources */,
				18FAC1981C1F0B6E0008AAAB /* HomeViewController.xib in Resources */,
				18FAC17A1C1F031D0008AAAB /* LaunchScreen.xib in Resources */,
				18FAC19D1C1F12C30008AAAB /* EmpListControllerTableViewController.xib in Resources */,
				18FAC1771C1F031D0008AAAB /* Images.xcassets in Resources */,
			);
			runOnlyForDeploymentPostprocessing = 0;
		};
		18FAC17D1C1F031D0008AAAB /* Resources */ = {
			isa = PBXResourcesBuildPhase;
			buildActionMask = 2147483647;
			files = (
			);
			runOnlyForDeploymentPostprocessing = 0;
		};
/* End PBXResourcesBuildPhase section */

/* Begin PBXSourcesBuildPhase section */
		18FAC1621C1F031D0008AAAB /* Sources */ = {
			isa = PBXSourcesBuildPhase;
			buildActionMask = 2147483647;
			files = (
				18FAC19C1C1F12C30008AAAB /* EmpListControllerTableViewController.m in Sources */,
				18FAC1721C1F031D0008AAAB /* ViewController.m in Sources */,
				18FAC1921C1F05540008AAAB /* RegistrationViewController.m in Sources */,
				18FAC16F1C1F031D0008AAAB /* AppDelegate.m in Sources */,
				18FAC1971C1F0B6E0008AAAB /* HomeViewController.m in Sources */,
				18FAC16C1C1F031D0008AAAB /* main.m in Sources */,
			);
			runOnlyForDeploymentPostprocessing = 0;
		};
		18FAC17B1C1F031D0008AAAB /* Sources */ = {
			isa = PBXSourcesBuildPhase;
			buildActionMask = 2147483647;
			files = (
				18FAC1861C1F031D0008AAAB /* NavigationDemoTests.m in Sources */,
			);
			runOnlyForDeploymentPostprocessing = 0;
		};
/* End PBXSourcesBuildPhase section */

/* Begin PBXTargetDependency section */
		18FAC1811C1F031D0008AAAB /* PBXTargetDependency */ = {
			isa = PBXTargetDependency;
			target = 18FAC1651C1F031D0008AAAB /* NavigationDemo */;
			targetProxy = 18FAC1801C1F031D0008AAAB /* PBXContainerItemProxy */;
		};
/* End PBXTargetDependency section */

/* Begin PBXVariantGroup section */
		18FAC1731C1F031D0008AAAB /* Main.storyboard */ = {
			isa = PBXVariantGroup;
			children = (
				18FAC1741C1F031D0008AAAB /* Base */,
			);
			name = Main.storyboard;
			sourceTree = "<group>";
		};
		18FAC1781C1F031D0008AAAB /* LaunchScreen.xib */ = {
			isa = PBXVariantGroup;
			children = (
				18FAC1791C1F031D0008AAAB /* Base */,
			);
			name = LaunchScreen.xib;
			sourceTree = "<group>";
		};
/* End PBXVariantGroup section */

/* Begin XCBuildConfiguration section */
		18FAC1871C1F031D0008AAAB /* Debug */ = {
			isa = XCBuildConfiguration;
			buildSettings = {
				ALWAYS_SEARCH_USER_PATHS = NO;
				CLANG_CXX_LANGUAGE_STANDARD = "gnu++0x";
				CLANG_CXX_LIBRARY = "libc++";
				CLANG_ENABLE_MODULES = YES;
				CLANG_ENABLE_OBJC_ARC = YES;
				CLANG_WARN_BOOL_CONVERSION = YES;
				CLANG_WARN_CONSTANT_CONVERSION = YES;
				CLANG_WARN_DIRECT_OBJC_ISA_USAGE = YES_ERROR;
				CLANG_WARN_EMPTY_BODY = YES;
				CLANG_WARN_ENUM_CONVERSION = YES;
				CLANG_WARN_INT_CONVERSION = YES;
				CLANG_WARN_OBJC_ROOT_CLASS = YES_ERROR;
				CLANG_WARN_UNREACHABLE_CODE = YES;
				CLANG_WARN__DUPLICATE_METHOD_MATCH = YES;
				"CODE_SIGN_IDENTITY[sdk=iphoneos*]" = "iPhone Developer";
				COPY_PHASE_STRIP = NO;
				ENABLE_STRICT_OBJC_MSGSEND = YES;
				GCC_C_LANGUAGE_STANDARD = gnu99;
				GCC_DYNAMIC_NO_PIC = NO;
				GCC_OPTIMIZATION_LEVEL = 0;
				GCC_PREPROCESSOR_DEFINITIONS = (
					"DEBUG=1",
					"$(inherited)",
				);
				GCC_SYMBOLS_PRIVATE_EXTERN = NO;
				GCC_WARN_64_TO_32_BIT_CONVERSION = YES;
				GCC_WARN_ABOUT_RETURN_TYPE = YES_ERROR;
				GCC_WARN_UNDECLARED_SELECTOR = YES;
				GCC_WARN_UNINITIALIZED_AUTOS = YES_AGGRESSIVE;
				GCC_WARN_UNUSED_FUNCTION = YES;
				GCC_WARN_UNUSED_VARIABLE = YES;
				IPHONEOS_DEPLOYMENT_TARGET = 8.0;
				MTL_ENABLE_DEBUG_INFO = YES;
				ONLY_ACTIVE_ARCH = YES;
				SDKROOT = iphoneos;
			};
			name = Debug;
		};
		18FAC1881C1F031D0008AAAB /* Release */ = {
			isa = XCBuildConfiguration;
			buildSettings = {
				ALWAYS_SEARCH_USER_PATHS = NO;
				CLANG_CXX_LANGUAGE_STANDARD = "gnu++0x";
				CLANG_CXX_LIBRARY = "libc++";
				CLANG_ENABLE_MODULES = YES;
				CLANG_ENABLE_OBJC_ARC = YES;
				CLANG_WARN_BOOL_CONVERSION = YES;
				CLANG_WARN_CONSTANT_CONVERSION = YES;
				CLANG_WARN_DIRECT_OBJC_ISA_USAGE = YES_ERROR;
				CLANG_WARN_EMPTY_BODY = YES;
				CLANG_WARN_ENUM_CONVERSION = YES;
				CLANG_WARN_INT_CONVERSION = YES;
				CLANG_WARN_OBJC_ROOT_CLASS = YES_ERROR;
				CLANG_WARN_UNREACHABLE_CODE = YES;
				CLANG_WARN__DUPLICATE_METHOD_MATCH = YES;
				"CODE_SIGN_IDENTITY[sdk=iphoneos*]" = "iPhone Developer";
				COPY_PHASE_STRIP = YES;
				ENABLE_NS_ASSERTIONS = NO;
				ENABLE_STRICT_OBJC_MSGSEND = YES;
				GCC_C_LANGUAGE_STANDARD = gnu99;
				GCC_WARN_64_TO_32_BIT_CONVERSION = YES;
				GCC_WARN_ABOUT_RETURN_TYPE = YES_ERROR;
				GCC_WARN_UNDECLARED_SELECTOR = YES;
				GCC_WARN_UNINITIALIZED_AUTOS = YES_AGGRESSIVE;
				GCC_WARN_UNUSED_FUNCTION = YES;
				GCC_WARN_UNUSED_VARIABLE = YES;
				IPHONEOS_DEPLOYMENT_TARGET = 8.0;
				MTL_ENABLE_DEBUG_INFO = NO;
				SDKROOT = iphoneos;
				VALIDATE_PRODUCT = YES;
			};
			name = Release;
		};
		18FAC18A1C1F031D0008AAAB /* Debug */ = {
			isa = XCBuildConfiguration;
			buildSettings = {
				ASSETCATALOG_COMPILER_APPICON_NAME = AppIcon;
				INFOPLIST_FILE = NavigationDemo/Info.plist;
				LD_RUNPATH_SEARCH_PATHS = "$(inherited) @executable_path/Frameworks";
				PRODUCT_NAME = "$(TARGET_NAME)";
			};
			name = Debug;
		};
		18FAC18B1C1F031D0008AAAB /* Release */ = {
			isa = XCBuildConfiguration;
			buildSettings = {
				ASSETCATALOG_COMPILER_APPICON_NAME = AppIcon;
				INFOPLIST_FILE = NavigationDemo/Info.plist;
				LD_RUNPATH_SEARCH_PATHS = "$(inherited) @executable_path/Frameworks";
				PRODUCT_NAME = "$(TARGET_NAME)";
			};
			name = Release;
		};
		18FAC18D1C1F031D0008AAAB /* Debug */ = {
			isa = XCBuildConfiguration;
			buildSettings = {
				BUNDLE_LOADER = "$(TEST_HOST)";
				FRAMEWORK_SEARCH_PATHS = (
					"$(SDKROOT)/Developer/Library/Frameworks",
					"$(inherited)",
				);
				GCC_PREPROCESSOR_DEFINITIONS = (
					"DEBUG=1",
					"$(inherited)",
				);
				INFOPLIST_FILE = NavigationDemoTests/Info.plist;
				LD_RUNPATH_SEARCH_PATHS = "$(inherited) @executable_path/Frameworks @loader_path/Frameworks";
				PRODUCT_NAME = "$(TARGET_NAME)";
				TEST_HOST = "$(BUILT_PRODUCTS_DIR)/NavigationDemo.app/NavigationDemo";
			};
			name = Debug;
		};
		18FAC18E1C1F031D0008AAAB /* Release */ = {
			isa = XCBuildConfiguration;
			buildSettings = {
				BUNDLE_LOADER = "$(TEST_HOST)";
				FRAMEWORK_SEARCH_PATHS = (
					"$(SDKROOT)/Developer/Library/Frameworks",
					"$(inherited)",
				);
				INFOPLIST_FILE = NavigationDemoTests/Info.plist;
				LD_RUNPATH_SEARCH_PATHS = "$(inherited) @executable_path/Frameworks @loader_path/Frameworks";
				PRODUCT_NAME = "$(TARGET_NAME)";
				TEST_HOST = "$(BUILT_PRODUCTS_DIR)/NavigationDemo.app/NavigationDemo";
			};
			name = Release;
		};
/* End XCBuildConfiguration section */

/* Begin XCConfigurationList section */
		18FAC1611C1F031D0008AAAB /* Build configuration list for PBXProject "NavigationDemo" */ = {
			isa = XCConfigurationList;
			buildConfigurations = (
				18FAC1871C1F031D0008AAAB /* Debug */,
				18FAC1881C1F031D0008AAAB /* Release */,
			);
			defaultConfigurationIsVisible = 0;
			defaultConfigurationName = Release;
		};
		18FAC1891C1F031D0008AAAB /* Build configuration list for PBXNativeTarget "NavigationDemo" */ = {
			isa = XCConfigurationList;
			buildConfigurations = (
				18FAC18A1C1F031D0008AAAB /* Debug */,
				18FAC18B1C1F031D0008AAAB /* Release */,
			);
			defaultConfigurationIsVisible = 0;
		};
		18FAC18C1C1F031D0008AAAB /* Build configuration list for PBXNativeTarget "NavigationDemoTests" */ = {
			isa = XCConfigurationList;
			buildConfigurations = (
				18FAC18D1C1F031D0008AAAB /* Debug */,
				18FAC18E1C1F031D0008AAAB /* Release */,
			);
			defaultConfigurationIsVisible = 0;
		};
/* End XCConfigurationList section */
	};
	rootObject = 18FAC15E1C1F031D0008AAAB /* Project object */;
}
